{
  "pins" : [
    {
      "identity" : "formstackviewswiftui",
      "kind" : "remoteSourceControl",
      "location" : "git@github.com:Ferchmin/FormStackViewSwiftUI.git",
      "state" : {
        "branch" : "feature/spm",
        "revision" : "abc7abe8fb7a7f4fcad761d8c7b8781331894526"
      }
    }
  ],
  "version" : 2
}
